
Microsoft Visual Studio Solution File, Format Version 12.00
Project("{FAE04EC0-301F-11D3-BF4B-00C04F79EFBC}") = "ZaemService", "ZaemService\ZaemService.csproj", "{441B4779-3459-4EFC-9437-C04BF03C9F97}"
EndProject
Global
	GlobalSection(SolutionConfigurationPlatforms) = preSolution
		Debug|Any CPU = Debug|Any CPU
		Release|Any CPU = Release|Any CPU
	EndGlobalSection
	GlobalSection(ProjectConfigurationPlatforms) = postSolution
		{441B4779-3459-4EFC-9437-C04BF03C9F97}.Debug|Any CPU.ActiveCfg = Debug|Any CPU
		{441B4779-3459-4EFC-9437-C04BF03C9F97}.Debug|Any CPU.Build.0 = Debug|Any CPU
		{441B4779-3459-4EFC-9437-C04BF03C9F97}.Release|Any CPU.ActiveCfg = Release|Any CPU
		{441B4779-3459-4EFC-9437-C04BF03C9F97}.Release|Any CPU.Build.0 = Release|Any CPU
	EndGlobalSection
EndGlobal
